// !$*UTF8*$!
{
	archiveVersion = 1;
	classes = {
	};
	objectVersion = 50;
	objects = {

/* Begin PBXBuildFile section */
		5CF084286112DA59D3F0AE14 /* Pods_ImageNodeTest.framework in Frameworks */ = {isa = PBXBuildFile; fileRef = 920D03A2A2048F1413541DFF /* Pods_ImageNodeTest.framework */; };
		D113C0A62109B39E0030FBEC /* test.jpg in Resources */ = {isa = PBXBuildFile; fileRef = D113C0A52109B39E0030FBEC /* test.jpg */; };
		D175CC312109B16200EB96DD /* AppDelegate.swift in Sources */ = {isa = PBXBuildFile; fileRef = D175CC302109B16200EB96DD /* AppDelegate.swift */; };
		D175CC332109B16200EB96DD /* ViewController.swift in Sources */ = {isa = PBXBuildFile; fileRef = D175CC322109B16200EB96DD /* ViewController.swift */; };
		D175CC362109B16200EB96DD /* Main.storyboard in Resources */ = {isa = PBXBuildFile; fileRef = D175CC342109B16200EB96DD /* Main.storyboard */; };
		D175CC382109B16300EB96DD /* Assets.xcassets in Resources */ = {isa = PBXBuildFile; fileRef = D175CC372109B16300EB96DD /* Assets.xcassets */; };
		D175CC3B2109B16300EB96DD /* LaunchScreen.storyboard in Resources */ = {isa = PBXBuildFile; fileRef = D175CC392109B16300EB96DD /* LaunchScreen.storyboard */; };
/* End PBXBuildFile section */

/* Begin PBXFileReference section */
		6721C0A260C24D5D2A708FCF /* Pods-ImageNodeTest.release.xcconfig */ = {isa = PBXFileReference; includeInIndex = 1; lastKnownFileType = text.xcconfig; name = "Pods-ImageNodeTest.release.xcconfig"; path = "Pods/Target Support Files/Pods-ImageNodeTest/Pods-ImageNodeTest.release.xcconfig"; sourceTree = "<group>"; };
		8C54FC90B92D8BE5E54BE7E8 /* Pods-ImageNodeTest.debug.xcconfig */ = {isa = PBXFileReference; includeInIndex = 1; lastKnownFileType = text.xcconfig; name = "Pods-ImageNodeTest.debug.xcconfig"; path = "Pods/Target Support Files/Pods-ImageNodeTest/Pods-ImageNodeTest.debug.xcconfig"; sourceTree = "<group>"; };
		920D03A2A2048F1413541DFF /* Pods_ImageNodeTest.framework */ = {isa = PBXFileReference; explicitFileType = wrapper.framework; includeInIndex = 0; path = Pods_ImageNodeTest.framework; sourceTree = BUILT_PRODUCTS_DIR; };
		D113C0A52109B39E0030FBEC /* test.jpg */ = {isa = PBXFileReference; lastKnownFileType = image.jpeg; path = test.jpg; sourceTree = "<group>"; };
		D175CC2D2109B16200EB96DD /* ImageNodeTest.app */ = {isa = PBXFileReference; explicitFileType = wrapper.application; includeInIndex = 0; path = ImageNodeTest.app; sourceTree = BUILT_PRODUCTS_DIR; };
		D175CC302109B16200EB96DD /* AppDelegate.swift */ = {isa = PBXFileReference; lastKnownFileType = sourcecode.swift; path = AppDelegate.swift; sourceTree = "<group>"; };
		D175CC322109B16200EB96DD /* ViewController.swift */ = {isa = PBXFileReference; lastKnownFileType = sourcecode.swift; path = ViewController.swift; sourceTree = "<group>"; };
		D175CC352109B16200EB96DD /* Base */ = {isa = PBXFileReference; lastKnownFileType = file.storyboard; name = Base; path = Base.lproj/Main.storyboard; sourceTree = "<group>"; };
		D175CC372109B16300EB96DD /* Assets.xcassets */ = {isa = PBXFileReference; lastKnownFileType = folder.assetcatalog; path = Assets.xcassets; sourceTree = "<group>"; };
		D175CC3A2109B16300EB96DD /* Base */ = {isa = PBXFileReference; lastKnownFileType = file.storyboard; name = Base; path = Base.lproj/LaunchScreen.storyboard; sourceTree = "<group>"; };
		D175CC3C2109B16300EB96DD /* Info.plist */ = {isa = PBXFileReference; lastKnownFileType = text.plist.xml; path = Info.plist; sourceTree = "<group>"; };
/* End PBXFileReference section */

/* Begin PBXFrameworksBuildPhase section */
		D175CC2A2109B16200EB96DD /* Frameworks */ = {
			isa = PBXFrameworksBuildPhase;
			buildActionMask = 2147483647;
			files = (
				5CF084286112DA59D3F0AE14 /* Pods_ImageNodeTest.framework in Frameworks */,
			);
			runOnlyForDeploymentPostprocessing = 0;
		};
/* End PBXFrameworksBuildPhase section */

/* Begin PBXGroup section */
		420F08C1C3A2535B6FF734F1 /* Pods */ = {
			isa = PBXGroup;
			children = (
				8C54FC90B92D8BE5E54BE7E8 /* Pods-ImageNodeTest.debug.xcconfig */,
				6721C0A260C24D5D2A708FCF /* Pods-ImageNodeTest.release.xcconfig */,
			);
			name = Pods;
			sourceTree = "<group>";
		};
		779CBF897013908B9856B679 /* Frameworks */ = {
			isa = PBXGroup;
			children = (
				920D03A2A2048F1413541DFF /* Pods_ImageNodeTest.framework */,
			);
			name = Frameworks;
			sourceTree = "<group>";
		};
		D175CC242109B16200EB96DD = {
			isa = PBXGroup;
			children = (
				D175CC2F2109B16200EB96DD /* ImageNodeTest */,
				D175CC2E2109B16200EB96DD /* Products */,
				420F08C1C3A2535B6FF734F1 /* Pods */,
				779CBF897013908B9856B679 /* Frameworks */,
			);
			sourceTree = "<group>";
		};
		D175CC2E2109B16200EB96DD /* Products */ = {
			isa = PBXGroup;
			children = (
				D175CC2D2109B16200EB96DD /* ImageNodeTest.app */,
			);
			name = Products;
			sourceTree = "<group>";
		};
		D175CC2F2109B16200EB96DD /* ImageNodeTest */ = {
			isa = PBXGroup;
			children = (
				D175CC302109B16200EB96DD /* AppDelegate.swift */,
				D175CC322109B16200EB96DD /* ViewController.swift */,
				D175CC342109B16200EB96DD /* Main.storyboard */,
				D175CC372109B16300EB96DD /* Assets.xcassets */,
				D175CC392109B16300EB96DD /* LaunchScreen.storyboard */,
				D175CC3C2109B16300EB96DD /* Info.plist */,
				D113C0A52109B39E0030FBEC /* test.jpg */,
			);
			path = ImageNodeTest;
			sourceTree = "<group>";
		};
/* End PBXGroup section */

/* Begin PBXNativeTarget section */
		D175CC2C2109B16200EB96DD /* ImageNodeTest */ = {
			isa = PBXNativeTarget;
			buildConfigurationList = D175CC3F2109B16300EB96DD /* Build configuration list for PBXNativeTarget "ImageNodeTest" */;
			buildPhases = (
				BAA46E053EDDD143846E7EB1 /* [CP] Check Pods Manifest.lock */,
				D175CC292109B16200EB96DD /* Sources */,
				D175CC2A2109B16200EB96DD /* Frameworks */,
				D175CC2B2109B16200EB96DD /* Resources */,
				0E9DD1365BEC6B509A6302E8 /* [CP] Embed Pods Frameworks */,
			);
			buildRules = (
			);
			dependencies = (
			);
			name = ImageNodeTest;
			productName = ImageNodeTest;
			productReference = D175CC2D2109B16200EB96DD /* ImageNodeTest.app */;
			productType = "com.apple.product-type.application";
		};
/* End PBXNativeTarget section */

/* Begin PBXProject section */
		D175CC252109B16200EB96DD /* Project object */ = {
			isa = PBXProject;
			attributes = {
				LastSwiftUpdateCheck = 0940;
				LastUpgradeCheck = 0940;
				ORGANIZATIONNAME = "陆俊杰";
				TargetAttributes = {
					D175CC2C2109B16200EB96DD = {
						CreatedOnToolsVersion = 9.4.1;
					};
				};
			};
			buildConfigurationList = D175CC282109B16200EB96DD /* Build configuration list for PBXProject "ImageNodeTest" */;
			compatibilityVersion = "Xcode 9.3";
			developmentRegion = en;
			hasScannedForEncodings = 0;
			knownRegions = (
				en,
				Base,
			);
			mainGroup = D175CC242109B16200EB96DD;
			productRefGroup = D175CC2E2109B16200EB96DD /* Products */;
			projectDirPath = "";
			projectRoot = "";
			targets = (
				D175CC2C2109B16200EB96DD /* ImageNodeTest */,
			);
		};
/* End PBXProject section */

/* Begin PBXResourcesBuildPhase section */
		D175CC2B2109B16200EB96DD /* Resources */ = {
			isa = PBXResourcesBuildPhase;
			buildActionMask = 2147483647;
			files = (
				D113C0A62109B39E0030FBEC /* test.jpg in Resources */,
				D175CC3B2109B16300EB96DD /* LaunchScreen.storyboard in Resources */,
				D175CC382109B16300EB96DD /* Assets.xcassets in Resources */,
				D175CC362109B16200EB96DD /* Main.storyboard in Resources */,
			);
			runOnlyForDeploymentPostprocessing = 0;
		};
/* End PBXResourcesBuildPhase section */

/* Begin PBXShellScriptBuildPhase section */
		0E9DD1365BEC6B509A6302E8 /* [CP] Embed Pods Frameworks */ = {
			isa = PBXShellScriptBuildPhase;
			buildActionMask = 2147483647;
			files = (
			);
			inputPaths = (
				"${SRCROOT}/Pods/Target Support Files/Pods-ImageNodeTest/Pods-ImageNodeTest-frameworks.sh",
				"${BUILT_PRODUCTS_DIR}/PINCache/PINCache.framework",
				"${BUILT_PRODUCTS_DIR}/PINOperation/PINOperation.framework",
				"${BUILT_PRODUCTS_DIR}/PINRemoteImage/PINRemoteImage.framework",
				"${BUILT_PRODUCTS_DIR}/Texture/AsyncDisplayKit.framework",
			);
			name = "[CP] Embed Pods Frameworks";
			outputPaths = (
				"${TARGET_BUILD_DIR}/${FRAMEWORKS_FOLDER_PATH}/PINCache.framework",
				"${TARGET_BUILD_DIR}/${FRAMEWORKS_FOLDER_PATH}/PINOperation.framework",
				"${TARGET_BUILD_DIR}/${FRAMEWORKS_FOLDER_PATH}/PINRemoteImage.framework",
				"${TARGET_BUILD_DIR}/${FRAMEWORKS_FOLDER_PATH}/AsyncDisplayKit.framework",
			);
			runOnlyForDeploymentPostprocessing = 0;
			shellPath = /bin/sh;
			shellScript = "\"${SRCROOT}/Pods/Target Support Files/Pods-ImageNodeTest/Pods-ImageNodeTest-frameworks.sh\"\n";
			showEnvVarsInLog = 0;
		};
		BAA46E053EDDD143846E7EB1 /* [CP] Check Pods Manifest.lock */ = {
			isa = PBXShellScriptBuildPhase;
			buildActionMask = 2147483647;
			files = (
			);
			inputPaths = (
				"${PODS_PODFILE_DIR_PATH}/Podfile.lock",
				"${PODS_ROOT}/Manifest.lock",
			);
			name = "[CP] Check Pods Manifest.lock";
			outputPaths = (
				"$(DERIVED_FILE_DIR)/Pods-ImageNodeTest-checkManifestLockResult.txt",
			);
			runOnlyForDeploymentPostprocessing = 0;
			shellPath = /bin/sh;
			shellScript = "diff \"${PODS_PODFILE_DIR_PATH}/Podfile.lock\" \"${PODS_ROOT}/Manifest.lock\" > /dev/null\nif [ $? != 0 ] ; then\n    # print error to STDERR\n    echo \"error: The sandbox is not in sync with the Podfile.lock. Run 'pod install' or update your CocoaPods installation.\" >&2\n    exit 1\nfi\n# This output is used by Xcode 'outputs' to avoid re-running this script phase.\necho \"SUCCESS\" > \"${SCRIPT_OUTPUT_FILE_0}\"\n";
			showEnvVarsInLog = 0;
		};
/* End PBXShellScriptBuildPhase section */

/* Begin PBXSourcesBuildPhase section */
		D175CC292109B16200EB96DD /* Sources */ = {
			isa = PBXSourcesBuildPhase;
			buildActionMask = 2147483647;
			files = (
				D175CC332109B16200EB96DD /* ViewController.swift in Sources */,
				D175CC312109B16200EB96DD /* AppDelegate.swift in Sources */,
			);
			runOnlyForDeploymentPostprocessing = 0;
		};
/* End PBXSourcesBuildPhase section */

/* Begin PBXVariantGroup section */
		D175CC342109B16200EB96DD /* Main.storyboard */ = {
			isa = PBXVariantGroup;
			children = (
				D175CC352109B16200EB96DD /* Base */,
			);
			name = Main.storyboard;
			sourceTree = "<group>";
		};
		D175CC392109B16300EB96DD /* LaunchScreen.storyboard */ = {
			isa = PBXVariantGroup;
			children = (
				D175CC3A2109B16300EB96DD /* Base */,
			);
			name = LaunchScreen.storyboard;
			sourceTree = "<group>";
		};
/* End PBXVariantGroup section */

/* Begin XCBuildConfiguration section */
		D175CC3D2109B16300EB96DD /* Debug */ = {
			isa = XCBuildConfiguration;
			buildSettings = {
				ALWAYS_SEARCH_USER_PATHS = NO;
				CLANG_ANALYZER_NONNULL = YES;
				CLANG_ANALYZER_NUMBER_OBJECT_CONVERSION = YES_AGGRESSIVE;
				CLANG_CXX_LANGUAGE_STANDARD = "gnu++14";
				CLANG_CXX_LIBRARY = "libc++";
				CLANG_ENABLE_MODULES = YES;
				CLANG_ENABLE_OBJC_ARC = YES;
				CLANG_ENABLE_OBJC_WEAK = YES;
				CLANG_WARN_BLOCK_CAPTURE_AUTORELEASING = YES;
				CLANG_WARN_BOOL_CONVERSION = YES;
				CLANG_WARN_COMMA = YES;
				CLANG_WARN_CONSTANT_CONVERSION = YES;
				CLANG_WARN_DEPRECATED_OBJC_IMPLEMENTATIONS = YES;
				CLANG_WARN_DIRECT_OBJC_ISA_USAGE = YES_ERROR;
				CLANG_WARN_DOCUMENTATION_COMMENTS = YES;
				CLANG_WARN_EMPTY_BODY = YES;
				CLANG_WARN_ENUM_CONVERSION = YES;
				CLANG_WARN_INFINITE_RECURSION = YES;
				CLANG_WARN_INT_CONVERSION = YES;
				CLANG_WARN_NON_LITERAL_NULL_CONVERSION = YES;
				CLANG_WARN_OBJC_IMPLICIT_RETAIN_SELF = YES;
				CLANG_WARN_OBJC_LITERAL_CONVERSION = YES;
				CLANG_WARN_OBJC_ROOT_CLASS = YES_ERROR;
				CLANG_WARN_RANGE_LOOP_ANALYSIS = YES;
				CLANG_WARN_STRICT_PROTOTYPES = YES;
				CLANG_WARN_SUSPICIOUS_MOVE = YES;
				CLANG_WARN_UNGUARDED_AVAILABILITY = YES_AGGRESSIVE;
				CLANG_WARN_UNREACHABLE_CODE = YES;
				CLANG_WARN__DUPLICATE_METHOD_MATCH = YES;
				CODE_SIGN_IDENTITY = "iPhone Developer";
				COPY_PHASE_STRIP = NO;
				DEBUG_INFORMATION_FORMAT = dwarf;
				ENABLE_STRICT_OBJC_MSGSEND = YES;
				ENABLE_TESTABILITY = YES;
				GCC_C_LANGUAGE_STANDARD = gnu11;
				GCC_DYNAMIC_NO_PIC = NO;
				GCC_NO_COMMON_BLOCKS = YES;
				GCC_OPTIMIZATION_LEVEL = 0;
				GCC_PREPROCESSOR_DEFINITIONS = (
					"DEBUG=1",
					"$(inherited)",
				);
				GCC_WARN_64_TO_32_BIT_CONVERSION = YES;
				GCC_WARN_ABOUT_RETURN_TYPE = YES_ERROR;
				GCC_WARN_UNDECLARED_SELECTOR = YES;
				GCC_WARN_UNINITIALIZED_AUTOS = YES_AGGRESSIVE;
				GCC_WARN_UNUSED_FUNCTION = YES;
				GCC_WARN_UNUSED_VARIABLE = YES;
				IPHONEOS_DEPLOYMENT_TARGET = 11.4;
				MTL_ENABLE_DEBUG_INFO = YES;
				ONLY_ACTIVE_ARCH = YES;
				SDKROOT = iphoneos;
				SWIFT_ACTIVE_COMPILATION_CONDITIONS = DEBUG;
				SWIFT_OPTIMIZATION_LEVEL = "-Onone";
			};
			name = Debug;
		};
		D175CC3E2109B16300EB96DD /* Release */ = {
			isa = XCBuildConfiguration;
			buildSettings = {
				ALWAYS_SEARCH_USER_PATHS = NO;
				CLANG_ANALYZER_NONNULL = YES;
				CLANG_ANALYZER_NUMBER_OBJECT_CONVERSION = YES_AGGRESSIVE;
				CLANG_CXX_LANGUAGE_STANDARD = "gnu++14";
				CLANG_CXX_LIBRARY = "libc++";
				CLANG_ENABLE_MODULES = YES;
				CLANG_ENABLE_OBJC_ARC = YES;
				CLANG_ENABLE_OBJC_WEAK = YES;
				CLANG_WARN_BLOCK_CAPTURE_AUTORELEASING = YES;
				CLANG_WARN_BOOL_CONVERSION = YES;
				CLANG_WARN_COMMA = YES;
				CLANG_WARN_CONSTANT_CONVERSION = YES;
				CLANG_WARN_DEPRECATED_OBJC_IMPLEMENTATIONS = YES;
				CLANG_WARN_DIRECT_OBJC_ISA_USAGE = YES_ERROR;
				CLANG_WARN_DOCUMENTATION_COMMENTS = YES;
				CLANG_WARN_EMPTY_BODY = YES;
				CLANG_WARN_ENUM_CONVERSION = YES;
				CLANG_WARN_INFINITE_RECURSION = YES;
				CLANG_WARN_INT_CONVERSION = YES;
				CLANG_WARN_NON_LITERAL_NULL_CONVERSION = YES;
				CLANG_WARN_OBJC_IMPLICIT_RETAIN_SELF = YES;
				CLANG_WARN_OBJC_LITERAL_CONVERSION = YES;
				CLANG_WARN_OBJC_ROOT_CLASS = YES_ERROR;
				CLANG_WARN_RANGE_LOOP_ANALYSIS = YES;
				CLANG_WARN_STRICT_PROTOTYPES = YES;
				CLANG_WARN_SUSPICIOUS_MOVE = YES;
				CLANG_WARN_UNGUARDED_AVAILABILITY = YES_AGGRESSIVE;
				CLANG_WARN_UNREACHABLE_CODE = YES;
				CLANG_WARN__DUPLICATE_METHOD_MATCH = YES;
				CODE_SIGN_IDENTITY = "iPhone Developer";
				COPY_PHASE_STRIP = NO;
				DEBUG_INFORMATION_FORMAT = "dwarf-with-dsym";
				ENABLE_NS_ASSERTIONS = NO;
				ENABLE_STRICT_OBJC_MSGSEND = YES;
				GCC_C_LANGUAGE_STANDARD = gnu11;
				GCC_NO_COMMON_BLOCKS = YES;
				GCC_WARN_64_TO_32_BIT_CONVERSION = YES;
				GCC_WARN_ABOUT_RETURN_TYPE = YES_ERROR;
				GCC_WARN_UNDECLARED_SELECTOR = YES;
				GCC_WARN_UNINITIALIZED_AUTOS = YES_AGGRESSIVE;
				GCC_WARN_UNUSED_FUNCTION = YES;
				GCC_WARN_UNUSED_VARIABLE = YES;
				IPHONEOS_DEPLOYMENT_TARGET = 11.4;
				MTL_ENABLE_DEBUG_INFO = NO;
				SDKROOT = iphoneos;
				SWIFT_COMPILATION_MODE = wholemodule;
				SWIFT_OPTIMIZATION_LEVEL = "-O";
				VALIDATE_PRODUCT = YES;
			};
			name = Release;
		};
		D175CC402109B16300EB96DD /* Debug */ = {
			isa = XCBuildConfiguration;
			baseConfigurationReference = 8C54FC90B92D8BE5E54BE7E8 /* Pods-ImageNodeTest.debug.xcconfig */;
			buildSettings = {
				ASSETCATALOG_COMPILER_APPICON_NAME = AppIcon;
				CODE_SIGN_STYLE = Automatic;
				DEVELOPMENT_TEAM = 4CSCF7378L;
				INFOPLIST_FILE = ImageNodeTest/Info.plist;
				LD_RUNPATH_SEARCH_PATHS = (
					"$(inherited)",
					"@executable_path/Frameworks",
				);
				PRODUCT_BUNDLE_IDENTIFIER = com.ruguoapp.ImageNodeTest;
				PRODUCT_NAME = "$(TARGET_NAME)";
				SWIFT_VERSION = 4.0;
				TARGETED_DEVICE_FAMILY = "1,2";
			};
			name = Debug;
		};
		D175CC412109B16300EB96DD /* Release */ = {
			isa = XCBuildConfiguration;
			baseConfigurationReference = 6721C0A260C24D5D2A708FCF /* Pods-ImageNodeTest.release.xcconfig */;
			buildSettings = {
				ASSETCATALOG_COMPILER_APPICON_NAME = AppIcon;
				CODE_SIGN_STYLE = Automatic;
				DEVELOPMENT_TEAM = 4CSCF7378L;
				INFOPLIST_FILE = ImageNodeTest/Info.plist;
				LD_RUNPATH_SEARCH_PATHS = (
					"$(inherited)",
					"@executable_path/Frameworks",
				);
				PRODUCT_BUNDLE_IDENTIFIER = com.ruguoapp.ImageNodeTest;
				PRODUCT_NAME = "$(TARGET_NAME)";
				SWIFT_VERSION = 4.0;
				TARGETED_DEVICE_FAMILY = "1,2";
			};
			name = Release;
		};
/* End XCBuildConfiguration section */

/* Begin XCConfigurationList section */
		D175CC282109B16200EB96DD /* Build configuration list for PBXProject "ImageNodeTest" */ = {
			isa = XCConfigurationList;
			buildConfigurations = (
				D175CC3D2109B16300EB96DD /* Debug */,
				D175CC3E2109B16300EB96DD /* Release */,
			);
			defaultConfigurationIsVisible = 0;
			defaultConfigurationName = Release;
		};
		D175CC3F2109B16300EB96DD /* Build configuration list for PBXNativeTarget "ImageNodeTest" */ = {
			isa = XCConfigurationList;
			buildConfigurations = (
				D175CC402109B16300EB96DD /* Debug */,
				D175CC412109B16300EB96DD /* Release */,
			);
			defaultConfigurationIsVisible = 0;
			defaultConfigurationName = Release;
		};
/* End XCConfigurationList section */
	};
	rootObject = D175CC252109B16200EB96DD /* Project object */;
}
